
Microsoft Visual Studio Solution File, Format Version 12.00
# Visual Studio Version 17
VisualStudioVersion = 17.7.34202.233
MinimumVisualStudioVersion = 10.0.40219.1
Project("{9A19103F-16F7-4668-BE54-9A1E7A4F7556}") = "Lab02", "Lab02\Lab02.csproj", "{F74391F1-FFCB-40F6-A355-9D9B7121DFF4}"
EndProject
Project("{FAE04EC0-301F-11D3-BF4B-00C04F79EFBC}") = "Lab03", "Lab03\Lab03.csproj", "{DB7DD242-AB30-46BC-8725-B492C967C822}"
EndProject
Global
	GlobalSection(SolutionConfigurationPlatforms) = preSolution
		Debug|Any CPU = Debug|Any CPU
		Release|Any CPU = Release|Any CPU
	EndGlobalSection
	GlobalSection(ProjectConfigurationPlatforms) = postSolution
		{F74391F1-FFCB-40F6-A355-9D9B7121DFF4}.Debug|Any CPU.ActiveCfg = Debug|Any CPU
		{F74391F1-FFCB-40F6-A355-9D9B7121DFF4}.Debug|Any CPU.Build.0 = Debug|Any CPU
		{F74391F1-FFCB-40F6-A355-9D9B7121DFF4}.Release|Any CPU.ActiveCfg = Release|Any CPU
		{F74391F1-FFCB-40F6-A355-9D9B7121DFF4}.Release|Any CPU.Build.0 = Release|Any CPU
		{DB7DD242-AB30-46BC-8725-B492C967C822}.Debug|Any CPU.ActiveCfg = Debug|Any CPU
		{DB7DD242-AB30-46BC-8725-B492C967C822}.Debug|Any CPU.Build.0 = Debug|Any CPU
		{DB7DD242-AB30-46BC-8725-B492C967C822}.Release|Any CPU.ActiveCfg = Release|Any CPU
		{DB7DD242-AB30-46BC-8725-B492C967C822}.Release|Any CPU.Build.0 = Release|Any CPU
	EndGlobalSection
	GlobalSection(SolutionProperties) = preSolution
		HideSolutionNode = FALSE
	EndGlobalSection
	GlobalSection(ExtensibilityGlobals) = postSolution
		SolutionGuid = {D43A8C2C-9FEF-4110-9FDA-3186D12247B1}
	EndGlobalSection
EndGlobal
